# This file is automatically @generated by Poetry 1.7.1 and should not be changed by hand.

[[package]]
name = "docutils"
version = "0.21.2"
description = "Docutils -- Python Documentation Utilities"
optional = false
python-versions = ">=3.9"
files = [
    {file = "docutils-0.21.2-py3-none-any.whl", hash = "sha256:dafca5b9e384f0e419294eb4d2ff9fa826435bf15f15b7bd45723e8ad76811b2"},
    {file = "docutils-0.21.2.tar.gz", hash = "sha256:3a6b18732edf182daa3cd12775bbb338cf5691468f91eeeb109deff6ebfa986f"},
]

[metadata]
lock-version = "2.0"
python-versions = "^3.9"
content-hash = "4bec1ffd006a22990dc928278fe460b2f325c6f2c86fd41df061fa06ce0c6ca8"
